
Microsoft Visual Studio Solution File, Format Version 12.00
# Visual Studio Version 17
VisualStudioVersion = 17.0.31903.59
MinimumVisualStudioVersion = 10.0.40219.1
Project("{FAE04EC0-301F-11D3-BF4B-00C04F79EFBC}") = "MapleLeaf.Console", "MapleLeaf.Console\MapleLeaf.Console.csproj", "{2D2F4091-07D0-4655-8153-D008358C1B28}"
EndProject
Project("{FAE04EC0-301F-11D3-BF4B-00C04F79EFBC}") = "MapleLeaf.Tests", "MapleLeaf.Tests\MapleLeaf.Tests.csproj", "{85586F0B-0966-4BBD-B312-1C47CD3F6CDD}"
EndProject
Global
	GlobalSection(SolutionConfigurationPlatforms) = preSolution
		Debug|Any CPU = Debug|Any CPU
		Debug|x64 = Debug|x64
		Debug|x86 = Debug|x86
		Release|Any CPU = Release|Any CPU
		Release|x64 = Release|x64
		Release|x86 = Release|x86
	EndGlobalSection
	GlobalSection(ProjectConfigurationPlatforms) = postSolution
		{2D2F4091-07D0-4655-8153-D008358C1B28}.Debug|Any CPU.ActiveCfg = Debug|Any CPU
		{2D2F4091-07D0-4655-8153-D008358C1B28}.Debug|Any CPU.Build.0 = Debug|Any CPU
		{2D2F4091-07D0-4655-8153-D008358C1B28}.Debug|x64.ActiveCfg = Debug|Any CPU
		{2D2F4091-07D0-4655-8153-D008358C1B28}.Debug|x64.Build.0 = Debug|Any CPU
		{2D2F4091-07D0-4655-8153-D008358C1B28}.Debug|x86.ActiveCfg = Debug|Any CPU
		{2D2F4091-07D0-4655-8153-D008358C1B28}.Debug|x86.Build.0 = Debug|Any CPU
		{2D2F4091-07D0-4655-8153-D008358C1B28}.Release|Any CPU.ActiveCfg = Release|Any CPU
		{2D2F4091-07D0-4655-8153-D008358C1B28}.Release|Any CPU.Build.0 = Release|Any CPU
		{2D2F4091-07D0-4655-8153-D008358C1B28}.Release|x64.ActiveCfg = Release|Any CPU
		{2D2F4091-07D0-4655-8153-D008358C1B28}.Release|x64.Build.0 = Release|Any CPU
		{2D2F4091-07D0-4655-8153-D008358C1B28}.Release|x86.ActiveCfg = Release|Any CPU
		{2D2F4091-07D0-4655-8153-D008358C1B28}.Release|x86.Build.0 = Release|Any CPU
		{85586F0B-0966-4BBD-B312-1C47CD3F6CDD}.Debug|Any CPU.ActiveCfg = Debug|Any CPU
		{85586F0B-0966-4BBD-B312-1C47CD3F6CDD}.Debug|Any CPU.Build.0 = Debug|Any CPU
		{85586F0B-0966-4BBD-B312-1C47CD3F6CDD}.Debug|x64.ActiveCfg = Debug|Any CPU
		{85586F0B-0966-4BBD-B312-1C47CD3F6CDD}.Debug|x64.Build.0 = Debug|Any CPU
		{85586F0B-0966-4BBD-B312-1C47CD3F6CDD}.Debug|x86.ActiveCfg = Debug|Any CPU
		{85586F0B-0966-4BBD-B312-1C47CD3F6CDD}.Debug|x86.Build.0 = Debug|Any CPU
		{85586F0B-0966-4BBD-B312-1C47CD3F6CDD}.Release|Any CPU.ActiveCfg = Release|Any CPU
		{85586F0B-0966-4BBD-B312-1C47CD3F6CDD}.Release|Any CPU.Build.0 = Release|Any CPU
		{85586F0B-0966-4BBD-B312-1C47CD3F6CDD}.Release|x64.ActiveCfg = Release|Any CPU
		{85586F0B-0966-4BBD-B312-1C47CD3F6CDD}.Release|x64.Build.0 = Release|Any CPU
		{85586F0B-0966-4BBD-B312-1C47CD3F6CDD}.Release|x86.ActiveCfg = Release|Any CPU
		{85586F0B-0966-4BBD-B312-1C47CD3F6CDD}.Release|x86.Build.0 = Release|Any CPU
	EndGlobalSection
	GlobalSection(SolutionProperties) = preSolution
		HideSolutionNode = FALSE
	EndGlobalSection
EndGlobal
